
Microsoft Visual Studio Solution File, Format Version 12.00
# Visual Studio 15
VisualStudioVersion = 15.0.27130.2010
MinimumVisualStudioVersion = 10.0.40219.1
Project("{FAE04EC0-301F-11D3-BF4B-00C04F79EFBC}") = "Pop3 Client", "Pop3 Client\Pop3 Client.csproj", "{3426EEEE-3B5B-4BFA-81CE-6528FC6AE16B}"
EndProject
Global
	GlobalSection(SolutionConfigurationPlatforms) = preSolution
		Debug|Any CPU = Debug|Any CPU
		Release|Any CPU = Release|Any CPU
	EndGlobalSection
	GlobalSection(ProjectConfigurationPlatforms) = postSolution
		{3426EEEE-3B5B-4BFA-81CE-6528FC6AE16B}.Debug|Any CPU.ActiveCfg = Debug|Any CPU
		{3426EEEE-3B5B-4BFA-81CE-6528FC6AE16B}.Debug|Any CPU.Build.0 = Debug|Any CPU
		{3426EEEE-3B5B-4BFA-81CE-6528FC6AE16B}.Release|Any CPU.ActiveCfg = Release|Any CPU
		{3426EEEE-3B5B-4BFA-81CE-6528FC6AE16B}.Release|Any CPU.Build.0 = Release|Any CPU
	EndGlobalSection
	GlobalSection(SolutionProperties) = preSolution
		HideSolutionNode = FALSE
	EndGlobalSection
	GlobalSection(ExtensibilityGlobals) = postSolution
		SolutionGuid = {A682592A-1E5A-4BB9-9D86-AEB716FCCD15}
	EndGlobalSection
EndGlobal
